{
  "version": 4,
  "terraform_version": "0.14.7",
  "serial": 7,
  "lineage": "e559619f-9f55-5da8-49e0-e68a1129015b",
  "outputs": {
    "Database_Private_IP": {
      "value": "",
      "type": "string"
    },
    "Database_Public_IP": {
      "value": "35.228.109.136",
      "type": "string"
    },
    "User_Password": {
      "value": "tptlive",
      "type": "string"
    },
    "User_name": {
      "value": "Denis",
      "type": "string"
    }
  },
  "resources": [
    {
      "mode": "managed",
      "type": "google_sql_database",
      "name": "SQL_DataBase",
      "provider": "provider[\"registry.terraform.io/hashicorp/google\"]",
      "instances": [
        {
          "schema_version": 0,
          "attributes": {
            "charset": "utf8",
            "collation": "utf8_general_ci",
            "id": "projects/102178293818/instances/my-database-instance3/databases/my-database",
            "instance": "my-database-instance3",
            "name": "my-database",
            "project": "102178293818",
            "self_link": "https://sqladmin.googleapis.com/sql/v1beta4/projects/iconic-hue-307111/instances/my-database-instance3/databases/my-database",
            "timeouts": null
          },
          "sensitive_attributes": [],
          "private": "eyJlMmJmYjczMC1lY2FhLTExZTYtOGY4OC0zNDM2M2JjN2M0YzAiOnsiY3JlYXRlIjo5MDAwMDAwMDAwMDAsImRlbGV0ZSI6NjAwMDAwMDAwMDAwLCJ1cGRhdGUiOjYwMDAwMDAwMDAwMH19",
          "dependencies": [
            "google_sql_database_instance.master"
          ]
        }
      ]
    },
    {
      "mode": "managed",
      "type": "google_sql_database_instance",
      "name": "master",
      "provider": "provider[\"registry.terraform.io/hashicorp/google\"]",
      "instances": [
        {
          "schema_version": 0,
          "attributes": {
            "clone": [],
            "connection_name": "iconic-hue-307111:europe-north1:my-database-instance3",
            "database_version": "MYSQL_5_7",
            "deletion_protection": true,
            "first_ip_address": "35.228.109.136",
            "id": "my-database-instance3",
            "ip_address": [
              {
                "ip_address": "35.228.109.136",
                "time_to_retire": "",
                "type": "PRIMARY"
              }
            ],
            "master_instance_name": "",
            "name": "my-database-instance3",
            "private_ip_address": "",
            "project": "102178293818",
            "public_ip_address": "35.228.109.136",
            "region": "europe-north1",
            "replica_configuration": [],
            "restore_backup_context": [],
            "root_password": null,
            "self_link": "https://sqladmin.googleapis.com/sql/v1beta4/projects/iconic-hue-307111/instances/my-database-instance3",
            "server_ca_cert": [
              {
                "cert": "-----BEGIN CERTIFICATE-----\nMIIDfzCCAmegAwIBAgIBADANBgkqhkiG9w0BAQsFADB3MS0wKwYDVQQuEyRiY2Iz\nNTFhMy05ODNkLTQyYzktODNlOC1kMWM2ODdhM2EyMTkxIzAhBgNVBAMTGkdvb2ds\nZSBDbG91ZCBTUUwgU2VydmVyIENBMRQwEgYDVQQKEwtHb29nbGUsIEluYzELMAkG\nA1UEBhMCVVMwHhcNMjEwMzE1MTczNzEyWhcNMzEwMzEzMTczODEyWjB3MS0wKwYD\nVQQuEyRiY2IzNTFhMy05ODNkLTQyYzktODNlOC1kMWM2ODdhM2EyMTkxIzAhBgNV\nBAMTGkdvb2dsZSBDbG91ZCBTUUwgU2VydmVyIENBMRQwEgYDVQQKEwtHb29nbGUs\nIEluYzELMAkGA1UEBhMCVVMwggEiMA0GCSqGSIb3DQEBAQUAA4IBDwAwggEKAoIB\nAQC48wKo2h4yZz2mexefU6K5+APmxLIEJ8pI6tH/kTCRn+AP2KrWX8b8KH9hPOCR\nr47xM4F9ag+nz0yk7yywFTzfmW1alFI+dGXEs7PeNSR/BMgFwIAg/xeR0hGwk2rg\n/2pO1WDOyJqxfFiYDGFBRclujPxYEPFrVsynbVnCTvdwdtzPGMurH2/Kg3owjedW\n1J03YomAf97dNyXZ5bXaWDh/CF1DuIhglRhDKUGDO7QUcBwyYrTgjlAcsqf067YD\ncJGbOZ2N0/PfRhK+rUkE2ltCqtNiVRcnN6X/0gbffjrqAoehHVpc6skbQSCwaojX\n0fidSjafJbFhAXzLi56SjH89AgMBAAGjFjAUMBIGA1UdEwEB/wQIMAYBAf8CAQAw\nDQYJKoZIhvcNAQELBQADggEBAI15eocxf6trHmKiBKcIvA+kpIIQbOY+VkqkRBBm\nTayU1PrN0vUr6RD4cXxfRYBoK4YC5+HlcNlnxR/b5FDTPp7qZ2dIPkCwPvxXJeb+\nzUChpWyiR4afMb9Ww8LvKGIdxaMUUdOnh0Cngg6S6Z3tDvFMZYNaOPpzX0ZsdJWV\nK0z4pBiMRNi5dO71DMwF6HNMktM+nhIOAboSHGi1pFfsz7SVeK3/2uDArpOkxoGG\nZTDs+hKKqunaByoGTSEvOpSMz8qcQuU+4PcRCKg1bMU2NVxMEKzqFc0sLwbU4We7\nPIZnlwRoj1i6FfD2Qq5hnsqzk71zv5r6qDKvOMkhnn/PXU0=\n-----END CERTIFICATE-----",
                "common_name": "C=US,O=Google\\, Inc,CN=Google Cloud SQL Server CA,dnQualifier=bcb351a3-983d-42c9-83e8-d1c687a3a219",
                "create_time": "2021-03-15T17:37:12.543Z",
                "expiration_time": "2031-03-13T17:38:12.543Z",
                "sha1_fingerprint": "3d590b0c224c290ac1034a74ff83be8d17f220c7"
              }
            ],
            "service_account_email_address": "p102178293818-fy2xg3@gcp-sa-cloud-sql.iam.gserviceaccount.com",
            "settings": [
              {
                "activation_policy": "ALWAYS",
                "authorized_gae_applications": [],
                "availability_type": "ZONAL",
                "backup_configuration": [
                  {
                    "backup_retention_settings": [
                      {
                        "retained_backups": 7,
                        "retention_unit": "COUNT"
                      }
                    ],
                    "binary_log_enabled": false,
                    "enabled": false,
                    "location": "",
                    "point_in_time_recovery_enabled": false,
                    "start_time": "06:00",
                    "transaction_log_retention_days": 7
                  }
                ],
                "crash_safe_replication": false,
                "database_flags": [],
                "disk_autoresize": true,
                "disk_size": 10,
                "disk_type": "PD_SSD",
                "insights_config": [],
                "ip_configuration": [
                  {
                    "authorized_networks": [],
                    "ipv4_enabled": true,
                    "private_network": "",
                    "require_ssl": false
                  }
                ],
                "location_preference": [
                  {
                    "follow_gae_application": "",
                    "zone": "europe-north1-a"
                  }
                ],
                "maintenance_window": [],
                "pricing_plan": "PER_USE",
                "replication_type": "SYNCHRONOUS",
                "tier": "db-f1-micro",
                "user_labels": {},
                "version": 1
              }
            ],
            "timeouts": null
          },
          "sensitive_attributes": [],
          "private": "eyJlMmJmYjczMC1lY2FhLTExZTYtOGY4OC0zNDM2M2JjN2M0YzAiOnsiY3JlYXRlIjoxMjAwMDAwMDAwMDAwLCJkZWxldGUiOjEyMDAwMDAwMDAwMDAsInVwZGF0ZSI6MTIwMDAwMDAwMDAwMH19"
        }
      ]
    },
    {
      "mode": "managed",
      "type": "google_sql_user",
      "name": "users",
      "provider": "provider[\"registry.terraform.io/hashicorp/google\"]",
      "instances": [
        {
          "schema_version": 1,
          "attributes": {
            "deletion_policy": null,
            "host": "%",
            "id": "Denis/%/my-database-instance3",
            "instance": "my-database-instance3",
            "name": "Denis",
            "password": "tptlive",
            "project": "102178293818",
            "timeouts": null,
            "type": ""
          },
          "sensitive_attributes": [],
          "private": "eyJlMmJmYjczMC1lY2FhLTExZTYtOGY4OC0zNDM2M2JjN2M0YzAiOnsiY3JlYXRlIjo2MDAwMDAwMDAwMDAsImRlbGV0ZSI6NjAwMDAwMDAwMDAwLCJ1cGRhdGUiOjYwMDAwMDAwMDAwMH0sInNjaGVtYV92ZXJzaW9uIjoiMSJ9",
          "dependencies": [
            "google_sql_database_instance.master"
          ]
        }
      ]
    }
  ]
}
